
Microsoft Visual Studio Solution File, Format Version 12.00
# Visual Studio Version 17
VisualStudioVersion = 17.4.33205.214
MinimumVisualStudioVersion = 10.0.40219.1
Project("{FAE04EC0-301F-11D3-BF4B-00C04F79EFBC}") = "QueryGUI", "QueryGUI\QueryGUI.csproj", "{392A2ADD-B4D6-48C2-8BDF-6A91E4FAFDB4}"
EndProject
Global
	GlobalSection(SolutionConfigurationPlatforms) = preSolution
		Debug|Any CPU = Debug|Any CPU
		Release|Any CPU = Release|Any CPU
	EndGlobalSection
	GlobalSection(ProjectConfigurationPlatforms) = postSolution
		{392A2ADD-B4D6-48C2-8BDF-6A91E4FAFDB4}.Debug|Any CPU.ActiveCfg = Debug|Any CPU
		{392A2ADD-B4D6-48C2-8BDF-6A91E4FAFDB4}.Debug|Any CPU.Build.0 = Debug|Any CPU
		{392A2ADD-B4D6-48C2-8BDF-6A91E4FAFDB4}.Release|Any CPU.ActiveCfg = Release|Any CPU
		{392A2ADD-B4D6-48C2-8BDF-6A91E4FAFDB4}.Release|Any CPU.Build.0 = Release|Any CPU
	EndGlobalSection
	GlobalSection(SolutionProperties) = preSolution
		HideSolutionNode = FALSE
	EndGlobalSection
	GlobalSection(ExtensibilityGlobals) = postSolution
		SolutionGuid = {471ADA2D-0E3D-43BD-B81E-A5D3F9E49B7A}
	EndGlobalSection
EndGlobal
